
Microsoft Visual Studio Solution File, Format Version 12.00
# Visual Studio Version 17
VisualStudioVersion = 17.6.33723.286
MinimumVisualStudioVersion = 10.0.40219.1
Project("{FAE04EC0-301F-11D3-BF4B-00C04F79EFBC}") = "ValueAndRefTypeDemo", "ValueAndRefTypeDemo.csproj", "{AB618CF6-58BA-48CD-B8BD-E26410E34AC9}"
EndProject
Global
	GlobalSection(SolutionConfigurationPlatforms) = preSolution
		Debug|Any CPU = Debug|Any CPU
		Release|Any CPU = Release|Any CPU
	EndGlobalSection
	GlobalSection(ProjectConfigurationPlatforms) = postSolution
		{AB618CF6-58BA-48CD-B8BD-E26410E34AC9}.Debug|Any CPU.ActiveCfg = Debug|Any CPU
		{AB618CF6-58BA-48CD-B8BD-E26410E34AC9}.Debug|Any CPU.Build.0 = Debug|Any CPU
		{AB618CF6-58BA-48CD-B8BD-E26410E34AC9}.Release|Any CPU.ActiveCfg = Release|Any CPU
		{AB618CF6-58BA-48CD-B8BD-E26410E34AC9}.Release|Any CPU.Build.0 = Release|Any CPU
	EndGlobalSection
	GlobalSection(SolutionProperties) = preSolution
		HideSolutionNode = FALSE
	EndGlobalSection
	GlobalSection(ExtensibilityGlobals) = postSolution
		SolutionGuid = {99D3B8A0-67F2-4AFA-A9DD-4AF26EA3BE04}
	EndGlobalSection
EndGlobal
